<Solution>
  <Folder Name="/src/" />
  <Folder Name="/src/Services/" />
  <Folder Name="/src/Services/LoanService/">
    <Project Path="src/Services/LoanService/LoanService.Api/LoanService.Api.csproj" />
    <Project Path="src/Services/LoanService/LoanService.Application/LoanService.Application.csproj" />
    <Project Path="src/Services/LoanService/LoanService.Domain/LoanService.Domain.csproj" />
    <Project Path="src/Services/LoanService/LoanService.Infrastructure/LoanService.Infrastructure.csproj" />
  </Folder>
  <Folder Name="/tests/Services/LoanService/">
    <Project Path="tests/Services/LoanService/LoanService.Infrastructure.Tests/LoanService.Infrastructure.Tests.csproj" />
  </Folder>
</Solution>
